
Microsoft Visual Studio Solution File, Format Version 12.00
# Visual Studio 2013
VisualStudioVersion = 12.0.31101.0
MinimumVisualStudioVersion = 10.0.40219.1
Project("{FAE04EC0-301F-11D3-BF4B-00C04F79EFBC}") = "WhichCap", "WhichCap\WhichCap.csproj", "{420BEEBE-D5A1-405B-ABBA-436C3F06977A}"
EndProject
Project("{FAE04EC0-301F-11D3-BF4B-00C04F79EFBC}") = "WhichCap.Tests", "WhichCap.Tests\WhichCap.Tests.csproj", "{4CD6EFCD-56C2-4E59-B671-33A7788CBBB7}"
EndProject
Global
	GlobalSection(SolutionConfigurationPlatforms) = preSolution
		Debug|Any CPU = Debug|Any CPU
		Release|Any CPU = Release|Any CPU
	EndGlobalSection
	GlobalSection(ProjectConfigurationPlatforms) = postSolution
		{420BEEBE-D5A1-405B-ABBA-436C3F06977A}.Debug|Any CPU.ActiveCfg = Debug|Any CPU
		{420BEEBE-D5A1-405B-ABBA-436C3F06977A}.Debug|Any CPU.Build.0 = Debug|Any CPU
		{420BEEBE-D5A1-405B-ABBA-436C3F06977A}.Release|Any CPU.ActiveCfg = Release|Any CPU
		{420BEEBE-D5A1-405B-ABBA-436C3F06977A}.Release|Any CPU.Build.0 = Release|Any CPU
		{4CD6EFCD-56C2-4E59-B671-33A7788CBBB7}.Debug|Any CPU.ActiveCfg = Debug|Any CPU
		{4CD6EFCD-56C2-4E59-B671-33A7788CBBB7}.Debug|Any CPU.Build.0 = Debug|Any CPU
		{4CD6EFCD-56C2-4E59-B671-33A7788CBBB7}.Release|Any CPU.ActiveCfg = Release|Any CPU
		{4CD6EFCD-56C2-4E59-B671-33A7788CBBB7}.Release|Any CPU.Build.0 = Release|Any CPU
	EndGlobalSection
	GlobalSection(SolutionProperties) = preSolution
		HideSolutionNode = FALSE
	EndGlobalSection
EndGlobal
